// !$*UTF8*$!
{
	archiveVersion = 1;
	classes = {
	};
	objectVersion = 46;
	objects = {

/* Begin PBXBuildFile section */
		95245529156731AE00B2D886 /* main.cpp in Sources */ = {isa = PBXBuildFile; fileRef = 95245528156731AE00B2D886 /* main.cpp */; };
/* End PBXBuildFile section */

/* Begin PBXCopyFilesBuildPhase section */
		95245522156731AE00B2D886 /* CopyFiles */ = {
			isa = PBXCopyFilesBuildPhase;
			buildActionMask = 2147483647;
			dstPath = /usr/share/man/man1/;
			dstSubfolderSpec = 0;
			files = (
			);
			runOnlyForDeploymentPostprocessing = 1;
		};
/* End PBXCopyFilesBuildPhase section */

/* Begin PBXFileReference section */
		95245524156731AE00B2D886 /* 1001 */ = {isa = PBXFileReference; explicitFileType = "compiled.mach-o.executable"; includeInIndex = 0; path = 1001; sourceTree = BUILT_PRODUCTS_DIR; };
		95245528156731AE00B2D886 /* main.cpp */ = {isa = PBXFileReference; lastKnownFileType = sourcecode.cpp.cpp; path = main.cpp; sourceTree = "<group>"; };
		9524552A156731AE00B2D886 /* _001.1 */ = {isa = PBXFileReference; lastKnownFileType = text.man; path = _001.1; sourceTree = "<group>"; };
/* End PBXFileReference section */

/* Begin PBXFrameworksBuildPhase section */
		95245521156731AE00B2D886 /* Frameworks */ = {
			isa = PBXFrameworksBuildPhase;
			buildActionMask = 2147483647;
			files = (
			);
			runOnlyForDeploymentPostprocessing = 0;
		};
/* End PBXFrameworksBuildPhase section */

/* Begin PBXGroup section */
		95245519156731AE00B2D886 = {
			isa = PBXGroup;
			children = (
				95245527156731AE00B2D886 /* 1001 */,
				95245525156731AE00B2D886 /* Products */,
			);
			sourceTree = "<group>";
		};
		95245525156731AE00B2D886 /* Products */ = {
			isa = PBXGroup;
			children = (
				95245524156731AE00B2D886 /* 1001 */,
			);
			name = Products;
			sourceTree = "<group>";
		};
		95245527156731AE00B2D886 /* 1001 */ = {
			isa = PBXGroup;
			children = (
				95245528156731AE00B2D886 /* main.cpp */,
				9524552A156731AE00B2D886 /* _001.1 */,
			);
			path = 1001;
			sourceTree = "<group>";
		};
/* End PBXGroup section */

/* Begin PBXNativeTarget section */
		95245523156731AE00B2D886 /* 1001 */ = {
			isa = PBXNativeTarget;
			buildConfigurationList = 9524552D156731AE00B2D886 /* Build configuration list for PBXNativeTarget "1001" */;
			buildPhases = (
				95245520156731AE00B2D886 /* Sources */,
				95245521156731AE00B2D886 /* Frameworks */,
				95245522156731AE00B2D886 /* CopyFiles */,
			);
			buildRules = (
			);
			dependencies = (
			);
			name = 1001;
			productName = 1001;
			productReference = 95245524156731AE00B2D886 /* 1001 */;
			productType = "com.apple.product-type.tool";
		};
/* End PBXNativeTarget section */

/* Begin PBXProject section */
		9524551B156731AE00B2D886 /* Project object */ = {
			isa = PBXProject;
			buildConfigurationList = 9524551E156731AE00B2D886 /* Build configuration list for PBXProject "1001" */;
			compatibilityVersion = "Xcode 3.2";
			developmentRegion = English;
			hasScannedForEncodings = 0;
			knownRegions = (
				en,
			);
			mainGroup = 95245519156731AE00B2D886;
			productRefGroup = 95245525156731AE00B2D886 /* Products */;
			projectDirPath = "";
			projectRoot = "";
			targets = (
				95245523156731AE00B2D886 /* 1001 */,
			);
		};
/* End PBXProject section */

/* Begin PBXSourcesBuildPhase section */
		95245520156731AE00B2D886 /* Sources */ = {
			isa = PBXSourcesBuildPhase;
			buildActionMask = 2147483647;
			files = (
				95245529156731AE00B2D886 /* main.cpp in Sources */,
			);
			runOnlyForDeploymentPostprocessing = 0;
		};
/* End PBXSourcesBuildPhase section */

/* Begin XCBuildConfiguration section */
		9524552B156731AE00B2D886 /* Debug */ = {
			isa = XCBuildConfiguration;
			buildSettings = {
				ARCHS = "$(ARCHS_STANDARD_32_64_BIT)";
				GCC_C_LANGUAGE_STANDARD = gnu99;
				GCC_OPTIMIZATION_LEVEL = 0;
				GCC_PREPROCESSOR_DEFINITIONS = DEBUG;
				GCC_SYMBOLS_PRIVATE_EXTERN = NO;
				GCC_VERSION = com.apple.compilers.llvm.clang.1_0;
				GCC_WARN_64_TO_32_BIT_CONVERSION = YES;
				GCC_WARN_ABOUT_RETURN_TYPE = YES;
				GCC_WARN_UNUSED_VARIABLE = YES;
				MACOSX_DEPLOYMENT_TARGET = 10.6;
				ONLY_ACTIVE_ARCH = YES;
				SDKROOT = macosx;
			};
			name = Debug;
		};
		9524552C156731AE00B2D886 /* Release */ = {
			isa = XCBuildConfiguration;
			buildSettings = {
				ARCHS = "$(ARCHS_STANDARD_32_64_BIT)";
				GCC_C_LANGUAGE_STANDARD = gnu99;
				GCC_VERSION = com.apple.compilers.llvm.clang.1_0;
				GCC_WARN_64_TO_32_BIT_CONVERSION = YES;
				GCC_WARN_ABOUT_RETURN_TYPE = YES;
				GCC_WARN_UNUSED_VARIABLE = YES;
				MACOSX_DEPLOYMENT_TARGET = 10.6;
				SDKROOT = macosx;
			};
			name = Release;
		};
		9524552E156731AE00B2D886 /* Debug */ = {
			isa = XCBuildConfiguration;
			buildSettings = {
				ALWAYS_SEARCH_USER_PATHS = NO;
				COPY_PHASE_STRIP = NO;
				GCC_DYNAMIC_NO_PIC = NO;
				GCC_ENABLE_OBJC_EXCEPTIONS = YES;
				PRODUCT_NAME = "$(TARGET_NAME)";
			};
			name = Debug;
		};
		9524552F156731AE00B2D886 /* Release */ = {
			isa = XCBuildConfiguration;
			buildSettings = {
				ALWAYS_SEARCH_USER_PATHS = NO;
				COPY_PHASE_STRIP = YES;
				DEBUG_INFORMATION_FORMAT = "dwarf-with-dsym";
				GCC_ENABLE_OBJC_EXCEPTIONS = YES;
				PRODUCT_NAME = "$(TARGET_NAME)";
			};
			name = Release;
		};
/* End XCBuildConfiguration section */

/* Begin XCConfigurationList section */
		9524551E156731AE00B2D886 /* Build configuration list for PBXProject "1001" */ = {
			isa = XCConfigurationList;
			buildConfigurations = (
				9524552B156731AE00B2D886 /* Debug */,
				9524552C156731AE00B2D886 /* Release */,
			);
			defaultConfigurationIsVisible = 0;
			defaultConfigurationName = Release;
		};
		9524552D156731AE00B2D886 /* Build configuration list for PBXNativeTarget "1001" */ = {
			isa = XCConfigurationList;
			buildConfigurations = (
				9524552E156731AE00B2D886 /* Debug */,
				9524552F156731AE00B2D886 /* Release */,
			);
			defaultConfigurationIsVisible = 0;
		};
/* End XCConfigurationList section */
	};
	rootObject = 9524551B156731AE00B2D886 /* Project object */;
}
